
Microsoft Visual Studio Solution File, Format Version 12.00
# Visual Studio Version 16
VisualStudioVersion = 16.0.30907.101
MinimumVisualStudioVersion = 10.0.40219.1
Project("{9A19103F-16F7-4668-BE54-9A1E7A4F7556}") = "FinanceManager.Api", "FinanceManager.Api\FinanceManager.Api.csproj", "{0AA12DBA-50A5-415D-86E7-7065E60907E4}"
EndProject
Project("{9A19103F-16F7-4668-BE54-9A1E7A4F7556}") = "FinanceManager.Api.Test", "FinanceManager.Api.Test\FinanceManager.Api.Test.csproj", "{5CAD61E7-E3DA-405C-A232-E069A5E8AEEA}"
EndProject
Project("{9A19103F-16F7-4668-BE54-9A1E7A4F7556}") = "FinanceManager.Tools", "FinanceManager.Tools\FinanceManager.Tools.csproj", "{C745ACE7-D1DF-4EFB-8262-695FA1BAD01C}"
EndProject
Project("{FAE04EC0-301F-11D3-BF4B-00C04F79EFBC}") = "FinanceManager.Core", "FinanceManager.Core\FinanceManager.Core.csproj", "{664857A9-F8B1-43C3-859B-589323BE1E0D}"
EndProject
Global
	GlobalSection(SolutionConfigurationPlatforms) = preSolution
		Debug|Any CPU = Debug|Any CPU
		Release|Any CPU = Release|Any CPU
	EndGlobalSection
	GlobalSection(ProjectConfigurationPlatforms) = postSolution
		{0AA12DBA-50A5-415D-86E7-7065E60907E4}.Debug|Any CPU.ActiveCfg = Debug|Any CPU
		{0AA12DBA-50A5-415D-86E7-7065E60907E4}.Debug|Any CPU.Build.0 = Debug|Any CPU
		{0AA12DBA-50A5-415D-86E7-7065E60907E4}.Release|Any CPU.ActiveCfg = Release|Any CPU
		{0AA12DBA-50A5-415D-86E7-7065E60907E4}.Release|Any CPU.Build.0 = Release|Any CPU
		{5CAD61E7-E3DA-405C-A232-E069A5E8AEEA}.Debug|Any CPU.ActiveCfg = Debug|Any CPU
		{5CAD61E7-E3DA-405C-A232-E069A5E8AEEA}.Debug|Any CPU.Build.0 = Debug|Any CPU
		{5CAD61E7-E3DA-405C-A232-E069A5E8AEEA}.Release|Any CPU.ActiveCfg = Release|Any CPU
		{5CAD61E7-E3DA-405C-A232-E069A5E8AEEA}.Release|Any CPU.Build.0 = Release|Any CPU
		{C745ACE7-D1DF-4EFB-8262-695FA1BAD01C}.Debug|Any CPU.ActiveCfg = Debug|Any CPU
		{C745ACE7-D1DF-4EFB-8262-695FA1BAD01C}.Debug|Any CPU.Build.0 = Debug|Any CPU
		{C745ACE7-D1DF-4EFB-8262-695FA1BAD01C}.Release|Any CPU.ActiveCfg = Release|Any CPU
		{C745ACE7-D1DF-4EFB-8262-695FA1BAD01C}.Release|Any CPU.Build.0 = Release|Any CPU
		{664857A9-F8B1-43C3-859B-589323BE1E0D}.Debug|Any CPU.ActiveCfg = Debug|Any CPU
		{664857A9-F8B1-43C3-859B-589323BE1E0D}.Debug|Any CPU.Build.0 = Debug|Any CPU
		{664857A9-F8B1-43C3-859B-589323BE1E0D}.Release|Any CPU.ActiveCfg = Release|Any CPU
		{664857A9-F8B1-43C3-859B-589323BE1E0D}.Release|Any CPU.Build.0 = Release|Any CPU
	EndGlobalSection
	GlobalSection(SolutionProperties) = preSolution
		HideSolutionNode = FALSE
	EndGlobalSection
	GlobalSection(ExtensibilityGlobals) = postSolution
		SolutionGuid = {1975DABC-9C2E-4FD2-BBC8-E860F8A2A400}
	EndGlobalSection
EndGlobal
