
Microsoft Visual Studio Solution File, Format Version 12.00
# Visual Studio Version 16
VisualStudioVersion = 16.0.30907.101
MinimumVisualStudioVersion = 10.0.40219.1
Project("{FAE04EC0-301F-11D3-BF4B-00C04F79EFBC}") = "FinanceManager.Frontend.Blazor.Server", "Server\FinanceManager.Frontend.Blazor.Server.csproj", "{F303D24D-8FBE-4ACF-80F8-1396BB4EA3C0}"
EndProject
Project("{FAE04EC0-301F-11D3-BF4B-00C04F79EFBC}") = "FinanceManager.Frontend.Blazor.Client", "Client\FinanceManager.Frontend.Blazor.Client.csproj", "{EC94C1FF-2A1B-4D32-95F3-4420307E761B}"
EndProject
Project("{FAE04EC0-301F-11D3-BF4B-00C04F79EFBC}") = "FinanceManager.Frontend.Blazor.Shared", "Shared\FinanceManager.Frontend.Blazor.Shared.csproj", "{7191FB27-97C6-4BB2-8925-602D46A6EEAB}"
EndProject
Global
	GlobalSection(SolutionConfigurationPlatforms) = preSolution
		Debug|Any CPU = Debug|Any CPU
		Release|Any CPU = Release|Any CPU
	EndGlobalSection
	GlobalSection(ProjectConfigurationPlatforms) = postSolution
		{F303D24D-8FBE-4ACF-80F8-1396BB4EA3C0}.Debug|Any CPU.ActiveCfg = Debug|Any CPU
		{F303D24D-8FBE-4ACF-80F8-1396BB4EA3C0}.Debug|Any CPU.Build.0 = Debug|Any CPU
		{F303D24D-8FBE-4ACF-80F8-1396BB4EA3C0}.Release|Any CPU.ActiveCfg = Release|Any CPU
		{F303D24D-8FBE-4ACF-80F8-1396BB4EA3C0}.Release|Any CPU.Build.0 = Release|Any CPU
		{EC94C1FF-2A1B-4D32-95F3-4420307E761B}.Debug|Any CPU.ActiveCfg = Debug|Any CPU
		{EC94C1FF-2A1B-4D32-95F3-4420307E761B}.Debug|Any CPU.Build.0 = Debug|Any CPU
		{EC94C1FF-2A1B-4D32-95F3-4420307E761B}.Release|Any CPU.ActiveCfg = Release|Any CPU
		{EC94C1FF-2A1B-4D32-95F3-4420307E761B}.Release|Any CPU.Build.0 = Release|Any CPU
		{7191FB27-97C6-4BB2-8925-602D46A6EEAB}.Debug|Any CPU.ActiveCfg = Debug|Any CPU
		{7191FB27-97C6-4BB2-8925-602D46A6EEAB}.Debug|Any CPU.Build.0 = Debug|Any CPU
		{7191FB27-97C6-4BB2-8925-602D46A6EEAB}.Release|Any CPU.ActiveCfg = Release|Any CPU
		{7191FB27-97C6-4BB2-8925-602D46A6EEAB}.Release|Any CPU.Build.0 = Release|Any CPU
	EndGlobalSection
	GlobalSection(SolutionProperties) = preSolution
		HideSolutionNode = FALSE
	EndGlobalSection
	GlobalSection(ExtensibilityGlobals) = postSolution
		SolutionGuid = {D529B8B6-DE12-4A12-ACDF-F10B4E128ECA}
	EndGlobalSection
EndGlobal
